lockfileVersion: '9.0'

settings:
  autoInstallPeers: true
  excludeLinksFromLockfile: false

importers:

  .:
    dependencies:
      dotenv:
        specifier: 17.4.2
        version: 17.4.2
      random-useragent:
        specifier: 0.5.0
        version: 0.5.0

packages:

  dotenv@17.4.2:
    resolution: {integrity: sha512-nI4U3TottKAcAD9LLud4Cb7b2QztQMUEfHbvhTH09bqXTxnSie8WnjPALV/WMCrJZ6UV/qHJ6L03OqO3LcdYZw==}
    engines: {node: '>=12'}

  json-stringify-safe@5.0.1:
    resolution: {integrity: sha512-ZClg6AaYvamvYEE82d3Iyd3vSSIjQ+odgjaTzRuO3s7toCdFKczob2i0zCh7JE8kWn17yvAWhUVxvqGwUalsRA==}

  random-seed@0.3.0:
    resolution: {integrity: sha512-y13xtn3kcTlLub3HKWXxJNeC2qK4mB59evwZ5EkeRlolx+Bp2ztF7LbcZmyCnOqlHQrLnfuNbi1sVmm9lPDlDA==}
    engines: {node: '>= 0.6.0'}

  random-useragent@0.5.0:
    resolution: {integrity: sha512-FUMkqVdZeoSff5tErNL3FFGYXElDWZ1bEuedhm5u9MdCFwANriJWbHvDRYrLTOzp/fBsBGu5J1cWtDgifa97aQ==}

snapshots:

  dotenv@17.4.2: {}

  json-stringify-safe@5.0.1: {}

  random-seed@0.3.0:
    dependencies:
      json-stringify-safe: 5.0.1

  random-useragent@0.5.0:
    dependencies:
      random-seed: 0.3.0
